Microsoft Visual Studio Solution File, Format Version 11.00
# Visual Studio 2008

Project("{B155BF05-2CBD-4963-B4CF-CEEA2C1DEE81}") = "Unity-3D-TowerDefense-Project", "Assembly-CSharp.csproj", "{F70FBDB9-5789-2A79-7135-2057A5E3E76B}"
EndProject
Global
	GlobalSection(SolutionConfigurationPlatforms) = preSolution
		Debug|Any CPU = Debug|Any CPU
		Release|Any CPU = Release|Any CPU
	EndGlobalSection
	GlobalSection(ProjectConfigurationPlatforms) = postSolution
		{F70FBDB9-5789-2A79-7135-2057A5E3E76B}.Debug|Any CPU.ActiveCfg = Debug|Any CPU
		{F70FBDB9-5789-2A79-7135-2057A5E3E76B}.Debug|Any CPU.Build.0 = Debug|Any CPU
		{F70FBDB9-5789-2A79-7135-2057A5E3E76B}.Release|Any CPU.ActiveCfg = Release|Any CPU
		{F70FBDB9-5789-2A79-7135-2057A5E3E76B}.Release|Any CPU.Build.0 = Release|Any CPU
	EndGlobalSection
	GlobalSection(SolutionProperties) = preSolution
		HideSolutionNode = FALSE
	EndGlobalSection
	GlobalSection(MonoDevelopProperties) = preSolution
		StartupItem = Assembly-CSharp.csproj
	EndGlobalSection
EndGlobal
